{
  "name": "instascan",
  "version": "1.0.0",
  "lockfileVersion": 1,
  "requires": true,
  "dependencies": {
    "@babel/polyfill": {
      "version": "7.4.4",
      "resolved": "https://registry.npmjs.org/@babel/polyfill/-/polyfill-7.4.4.tgz",
      "integrity": "sha512-WlthFLfhQQhh+A2Gn5NSFl0Huxz36x86Jn+E9OW7ibK8edKPq+KLy4apM1yDpQ8kJOVi1OVjpP4vSDLdrI04dg==",
      "requires": {
        "core-js": "^2.6.5",
        "regenerator-runtime": "^0.13.2"
      }
    },
    "core-js": {
      "version": "2.6.11",
      "resolved": "https://registry.npmjs.org/core-js/-/core-js-2.6.11.tgz",
      "integrity": "sha512-5wjnpaT/3dV+XB4borEsnAYQchn00XSgTAWKDkEqv+K8KevjbzmofK6hfJ9TZIlpj2N0xQpazy7PiRQiWHqzWg=="
    },
    "idempotent-babel-polyfill": {
      "version": "7.4.4",
      "resolved": "https://registry.npmjs.org/idempotent-babel-polyfill/-/idempotent-babel-polyfill-7.4.4.tgz",
      "integrity": "sha512-ULnqegUJke43XlsW5bI2zvoOCiFwn5AjRK/DJA5V6jj4yf+vKEZmiYll2x9+FQb9e6a+KQ/D+r8w7ydCYuiaRA==",
      "requires": {
        "@babel/polyfill": "7.4.4"
      }
    },
    "regenerator-runtime": {
      "version": "0.13.3",
      "resolved": "https://registry.npmjs.org/regenerator-runtime/-/regenerator-runtime-0.13.3.tgz",
      "integrity": "sha512-naKIZz2GQ8JWh///G7L3X6LaQUAMp2lvb1rvwwsURe/VXwD6VMfr+/1NuNw3ag8v2kY1aQ/go5SNn79O9JU7yw=="
    }
  }
}
